
Microsoft Visual Studio Solution File, Format Version 12.00
# Visual Studio Version 17
VisualStudioVersion = 17.2.32616.157
MinimumVisualStudioVersion = 10.0.40219.1
Project("{FAE04EC0-301F-11D3-BF4B-00C04F79EFBC}") = "OpenClosePrinciple", "OpenClosePrinciple\OpenClosePrinciple.csproj", "{9B633DA2-16CD-45F5-9B0E-A82DAB66DB16}"
EndProject
Global
	GlobalSection(SolutionConfigurationPlatforms) = preSolution
		Debug|Any CPU = Debug|Any CPU
		Release|Any CPU = Release|Any CPU
	EndGlobalSection
	GlobalSection(ProjectConfigurationPlatforms) = postSolution
		{9B633DA2-16CD-45F5-9B0E-A82DAB66DB16}.Debug|Any CPU.ActiveCfg = Debug|Any CPU
		{9B633DA2-16CD-45F5-9B0E-A82DAB66DB16}.Debug|Any CPU.Build.0 = Debug|Any CPU
		{9B633DA2-16CD-45F5-9B0E-A82DAB66DB16}.Release|Any CPU.ActiveCfg = Release|Any CPU
		{9B633DA2-16CD-45F5-9B0E-A82DAB66DB16}.Release|Any CPU.Build.0 = Release|Any CPU
	EndGlobalSection
	GlobalSection(SolutionProperties) = preSolution
		HideSolutionNode = FALSE
	EndGlobalSection
	GlobalSection(ExtensibilityGlobals) = postSolution
		SolutionGuid = {E8BD198B-4483-4E16-BAC6-BA113BF54736}
	EndGlobalSection
EndGlobal
